
Microsoft Visual Studio Solution File, Format Version 12.00
Project("{FAE04EC0-301F-11D3-BF4B-00C04F79EFBC}") = "antimetrics", "antimetrics\antimetrics.csproj", "{61E1BABF-B339-4EC1-8320-3607EFEBD73F}"
EndProject
Global
	GlobalSection(SolutionConfigurationPlatforms) = preSolution
		Debug|Any CPU = Debug|Any CPU
		Release|Any CPU = Release|Any CPU
	EndGlobalSection
	GlobalSection(ProjectConfigurationPlatforms) = postSolution
		{61E1BABF-B339-4EC1-8320-3607EFEBD73F}.Debug|Any CPU.ActiveCfg = Debug|Any CPU
		{61E1BABF-B339-4EC1-8320-3607EFEBD73F}.Debug|Any CPU.Build.0 = Debug|Any CPU
		{61E1BABF-B339-4EC1-8320-3607EFEBD73F}.Release|Any CPU.ActiveCfg = Release|Any CPU
		{61E1BABF-B339-4EC1-8320-3607EFEBD73F}.Release|Any CPU.Build.0 = Release|Any CPU
	EndGlobalSection
EndGlobal
